// !$*UTF8*$!
{
	archiveVersion = 1;
	classes = {
	};
	objectVersion = 50;
	objects = {

/* Begin PBXBuildFile section */
		3A0B7912226B680300AD1A76 /* SearchViewController.m in Sources */ = {isa = PBXBuildFile; fileRef = 3A0B7911226B680300AD1A76 /* SearchViewController.m */; };
		3A3BB0A3226A38A300A93F4E /* PushService.m in Sources */ = {isa = PBXBuildFile; fileRef = 3A3BB0A2226A38A300A93F4E /* PushService.m */; };
		3A46F0162264D82D00D746EC /* PhotoViewController.m in Sources */ = {isa = PBXBuildFile; fileRef = 3A46F0152264D82D00D746EC /* PhotoViewController.m */; };
		3A46F0192264D92300D746EC /* PhotoView.m in Sources */ = {isa = PBXBuildFile; fileRef = 3A46F0182264D92300D746EC /* PhotoView.m */; };
		3A51F7D42269F25400B58CF8 /* FilterService.m in Sources */ = {isa = PBXBuildFile; fileRef = 3A51F7D32269F25400B58CF8 /* FilterService.m */; };
		3A8B9231226494EC003D910F /* FlickrCollectionViewCell.m in Sources */ = {isa = PBXBuildFile; fileRef = 3A8B9230226494EC003D910F /* FlickrCollectionViewCell.m */; };
		3AA9410522636A5E00D9D0EC /* AppDelegate.m in Sources */ = {isa = PBXBuildFile; fileRef = 3AA9410422636A5E00D9D0EC /* AppDelegate.m */; };
		3AA9410B22636A5E00D9D0EC /* Main.storyboard in Resources */ = {isa = PBXBuildFile; fileRef = 3AA9410922636A5E00D9D0EC /* Main.storyboard */; };
		3AA9410D22636A5F00D9D0EC /* Assets.xcassets in Resources */ = {isa = PBXBuildFile; fileRef = 3AA9410C22636A5F00D9D0EC /* Assets.xcassets */; };
		3AA9411022636A5F00D9D0EC /* LaunchScreen.storyboard in Resources */ = {isa = PBXBuildFile; fileRef = 3AA9410E22636A5F00D9D0EC /* LaunchScreen.storyboard */; };
		3AA9411322636A5F00D9D0EC /* main.m in Sources */ = {isa = PBXBuildFile; fileRef = 3AA9411222636A5F00D9D0EC /* main.m */; };
		3AA941322263A28900D9D0EC /* NetworkHelper.m in Sources */ = {isa = PBXBuildFile; fileRef = 3AA9412E2263A28900D9D0EC /* NetworkHelper.m */; };
		3AA941332263A28900D9D0EC /* NetworkService.m in Sources */ = {isa = PBXBuildFile; fileRef = 3AA941302263A28900D9D0EC /* NetworkService.m */; };
/* End PBXBuildFile section */

/* Begin PBXFileReference section */
		3A0B7910226B67EA00AD1A76 /* SearchViewController.h */ = {isa = PBXFileReference; lastKnownFileType = sourcecode.c.h; path = SearchViewController.h; sourceTree = "<group>"; };
		3A0B7911226B680300AD1A76 /* SearchViewController.m */ = {isa = PBXFileReference; lastKnownFileType = sourcecode.c.objc; path = SearchViewController.m; sourceTree = "<group>"; };
		3A3BB0A1226A389700A93F4E /* PushService.h */ = {isa = PBXFileReference; lastKnownFileType = sourcecode.c.h; path = PushService.h; sourceTree = "<group>"; };
		3A3BB0A2226A38A300A93F4E /* PushService.m */ = {isa = PBXFileReference; lastKnownFileType = sourcecode.c.objc; path = PushService.m; sourceTree = "<group>"; };
		3A46F0142264D82D00D746EC /* PhotoViewController.h */ = {isa = PBXFileReference; lastKnownFileType = sourcecode.c.h; path = PhotoViewController.h; sourceTree = "<group>"; };
		3A46F0152264D82D00D746EC /* PhotoViewController.m */ = {isa = PBXFileReference; lastKnownFileType = sourcecode.c.objc; path = PhotoViewController.m; sourceTree = "<group>"; };
		3A46F0172264D92300D746EC /* PhotoView.h */ = {isa = PBXFileReference; lastKnownFileType = sourcecode.c.h; path = PhotoView.h; sourceTree = "<group>"; };
		3A46F0182264D92300D746EC /* PhotoView.m */ = {isa = PBXFileReference; lastKnownFileType = sourcecode.c.objc; path = PhotoView.m; sourceTree = "<group>"; };
		3A51F7D32269F25400B58CF8 /* FilterService.m */ = {isa = PBXFileReference; lastKnownFileType = sourcecode.c.objc; name = FilterService.m; path = Flickr_ObjC/FilterService.m; sourceTree = SOURCE_ROOT; };
		3A51F7D52269F26100B58CF8 /* FilterService.h */ = {isa = PBXFileReference; lastKnownFileType = sourcecode.c.h; path = FilterService.h; sourceTree = "<group>"; };
		3A51F7D6226A130D00B58CF8 /* PhotoViewProtocol.h */ = {isa = PBXFileReference; lastKnownFileType = sourcecode.c.h; path = PhotoViewProtocol.h; sourceTree = "<group>"; };
		3A8B922F226494EC003D910F /* FlickrCollectionViewCell.h */ = {isa = PBXFileReference; lastKnownFileType = sourcecode.c.h; path = FlickrCollectionViewCell.h; sourceTree = "<group>"; };
		3A8B9230226494EC003D910F /* FlickrCollectionViewCell.m */ = {isa = PBXFileReference; lastKnownFileType = sourcecode.c.objc; path = FlickrCollectionViewCell.m; sourceTree = "<group>"; };
		3AA9410022636A5E00D9D0EC /* Flickr_ObjC.app */ = {isa = PBXFileReference; explicitFileType = wrapper.application; includeInIndex = 0; path = Flickr_ObjC.app; sourceTree = BUILT_PRODUCTS_DIR; };
		3AA9410322636A5E00D9D0EC /* AppDelegate.h */ = {isa = PBXFileReference; lastKnownFileType = sourcecode.c.h; path = AppDelegate.h; sourceTree = "<group>"; };
		3AA9410422636A5E00D9D0EC /* AppDelegate.m */ = {isa = PBXFileReference; lastKnownFileType = sourcecode.c.objc; path = AppDelegate.m; sourceTree = "<group>"; };
		3AA9410A22636A5E00D9D0EC /* Base */ = {isa = PBXFileReference; lastKnownFileType = file.storyboard; name = Base; path = Base.lproj/Main.storyboard; sourceTree = "<group>"; };
		3AA9410C22636A5F00D9D0EC /* Assets.xcassets */ = {isa = PBXFileReference; lastKnownFileType = folder.assetcatalog; path = Assets.xcassets; sourceTree = "<group>"; };
		3AA9410F22636A5F00D9D0EC /* Base */ = {isa = PBXFileReference; lastKnownFileType = file.storyboard; name = Base; path = Base.lproj/LaunchScreen.storyboard; sourceTree = "<group>"; };
		3AA9411122636A5F00D9D0EC /* Info.plist */ = {isa = PBXFileReference; lastKnownFileType = text.plist.xml; path = Info.plist; sourceTree = "<group>"; };
		3AA9411222636A5F00D9D0EC /* main.m */ = {isa = PBXFileReference; lastKnownFileType = sourcecode.c.objc; path = main.m; sourceTree = "<group>"; };
		3AA9412D2263A28900D9D0EC /* NetworkService.h */ = {isa = PBXFileReference; fileEncoding = 4; lastKnownFileType = sourcecode.c.h; path = NetworkService.h; sourceTree = "<group>"; };
		3AA9412E2263A28900D9D0EC /* NetworkHelper.m */ = {isa = PBXFileReference; fileEncoding = 4; lastKnownFileType = sourcecode.c.objc; path = NetworkHelper.m; sourceTree = "<group>"; };
		3AA9412F2263A28900D9D0EC /* NetworkServiceProtocol.h */ = {isa = PBXFileReference; fileEncoding = 4; lastKnownFileType = sourcecode.c.h; path = NetworkServiceProtocol.h; sourceTree = "<group>"; };
		3AA941302263A28900D9D0EC /* NetworkService.m */ = {isa = PBXFileReference; fileEncoding = 4; lastKnownFileType = sourcecode.c.objc; path = NetworkService.m; sourceTree = "<group>"; };
		3AA941312263A28900D9D0EC /* NetworkHelper.h */ = {isa = PBXFileReference; fileEncoding = 4; lastKnownFileType = sourcecode.c.h; path = NetworkHelper.h; sourceTree = "<group>"; };
/* End PBXFileReference section */

/* Begin PBXFrameworksBuildPhase section */
		3AA940FD22636A5E00D9D0EC /* Frameworks */ = {
			isa = PBXFrameworksBuildPhase;
			buildActionMask = 2147483647;
			files = (
			);
			runOnlyForDeploymentPostprocessing = 0;
		};
/* End PBXFrameworksBuildPhase section */

/* Begin PBXGroup section */
		3A0B7913226B6F9700AD1A76 /* PushService */ = {
			isa = PBXGroup;
			children = (
				3A3BB0A1226A389700A93F4E /* PushService.h */,
				3A3BB0A2226A38A300A93F4E /* PushService.m */,
			);
			name = PushService;
			sourceTree = "<group>";
		};
		3A0B7914226B822D00AD1A76 /* FilterService */ = {
			isa = PBXGroup;
			children = (
				3A51F7D32269F25400B58CF8 /* FilterService.m */,
				3A51F7D52269F26100B58CF8 /* FilterService.h */,
			);
			name = FilterService;
			sourceTree = "<group>";
		};
		3A8B9232226494F3003D910F /* View */ = {
			isa = PBXGroup;
			children = (
				3A51F7D6226A130D00B58CF8 /* PhotoViewProtocol.h */,
				3A46F0172264D92300D746EC /* PhotoView.h */,
				3A46F0182264D92300D746EC /* PhotoView.m */,
				3A8B922F226494EC003D910F /* FlickrCollectionViewCell.h */,
				3A8B9230226494EC003D910F /* FlickrCollectionViewCell.m */,
			);
			name = View;
			sourceTree = "<group>";
		};
		3AA940F722636A5E00D9D0EC = {
			isa = PBXGroup;
			children = (
				3AA9410222636A5E00D9D0EC /* Flickr_ObjC */,
				3AA9410122636A5E00D9D0EC /* Products */,
			);
			sourceTree = "<group>";
		};
		3AA9410122636A5E00D9D0EC /* Products */ = {
			isa = PBXGroup;
			children = (
				3AA9410022636A5E00D9D0EC /* Flickr_ObjC.app */,
			);
			name = Products;
			sourceTree = "<group>";
		};
		3AA9410222636A5E00D9D0EC /* Flickr_ObjC */ = {
			isa = PBXGroup;
			children = (
				3A0B7914226B822D00AD1A76 /* FilterService */,
				3A0B7913226B6F9700AD1A76 /* PushService */,
				3AA9412C2263A28900D9D0EC /* NetworkService */,
				3AA9410322636A5E00D9D0EC /* AppDelegate.h */,
				3AA9410422636A5E00D9D0EC /* AppDelegate.m */,
				3A0B7910226B67EA00AD1A76 /* SearchViewController.h */,
				3A0B7911226B680300AD1A76 /* SearchViewController.m */,
				3A46F0142264D82D00D746EC /* PhotoViewController.h */,
				3A46F0152264D82D00D746EC /* PhotoViewController.m */,
				3A8B9232226494F3003D910F /* View */,
				3AA9410922636A5E00D9D0EC /* Main.storyboard */,
				3AA9410C22636A5F00D9D0EC /* Assets.xcassets */,
				3AA9410E22636A5F00D9D0EC /* LaunchScreen.storyboard */,
				3AA9411122636A5F00D9D0EC /* Info.plist */,
				3AA9411222636A5F00D9D0EC /* main.m */,
			);
			path = Flickr_ObjC;
			sourceTree = "<group>";
		};
		3AA9412C2263A28900D9D0EC /* NetworkService */ = {
			isa = PBXGroup;
			children = (
				3AA9412F2263A28900D9D0EC /* NetworkServiceProtocol.h */,
				3AA9412D2263A28900D9D0EC /* NetworkService.h */,
				3AA941302263A28900D9D0EC /* NetworkService.m */,
				3AA941312263A28900D9D0EC /* NetworkHelper.h */,
				3AA9412E2263A28900D9D0EC /* NetworkHelper.m */,
			);
			path = NetworkService;
			sourceTree = "<group>";
		};
/* End PBXGroup section */

/* Begin PBXNativeTarget section */
		3AA940FF22636A5E00D9D0EC /* Flickr_ObjC */ = {
			isa = PBXNativeTarget;
			buildConfigurationList = 3AA9411622636A5F00D9D0EC /* Build configuration list for PBXNativeTarget "Flickr_ObjC" */;
			buildPhases = (
				3AA940FC22636A5E00D9D0EC /* Sources */,
				3AA940FD22636A5E00D9D0EC /* Frameworks */,
				3AA940FE22636A5E00D9D0EC /* Resources */,
			);
			buildRules = (
			);
			dependencies = (
			);
			name = Flickr_ObjC;
			productName = Flickr_ObjC;
			productReference = 3AA9410022636A5E00D9D0EC /* Flickr_ObjC.app */;
			productType = "com.apple.product-type.application";
		};
/* End PBXNativeTarget section */

/* Begin PBXProject section */
		3AA940F822636A5E00D9D0EC /* Project object */ = {
			isa = PBXProject;
			attributes = {
				LastUpgradeCheck = 1010;
				ORGANIZATIONNAME = "Anton Kuznetsov";
				TargetAttributes = {
					3AA940FF22636A5E00D9D0EC = {
						CreatedOnToolsVersion = 10.1;
					};
				};
			};
			buildConfigurationList = 3AA940FB22636A5E00D9D0EC /* Build configuration list for PBXProject "Flickr_ObjC" */;
			compatibilityVersion = "Xcode 9.3";
			developmentRegion = en;
			hasScannedForEncodings = 0;
			knownRegions = (
				en,
				Base,
			);
			mainGroup = 3AA940F722636A5E00D9D0EC;
			productRefGroup = 3AA9410122636A5E00D9D0EC /* Products */;
			projectDirPath = "";
			projectRoot = "";
			targets = (
				3AA940FF22636A5E00D9D0EC /* Flickr_ObjC */,
			);
		};
/* End PBXProject section */

/* Begin PBXResourcesBuildPhase section */
		3AA940FE22636A5E00D9D0EC /* Resources */ = {
			isa = PBXResourcesBuildPhase;
			buildActionMask = 2147483647;
			files = (
				3AA9411022636A5F00D9D0EC /* LaunchScreen.storyboard in Resources */,
				3AA9410D22636A5F00D9D0EC /* Assets.xcassets in Resources */,
				3AA9410B22636A5E00D9D0EC /* Main.storyboard in Resources */,
			);
			runOnlyForDeploymentPostprocessing = 0;
		};
/* End PBXResourcesBuildPhase section */

/* Begin PBXSourcesBuildPhase section */
		3AA940FC22636A5E00D9D0EC /* Sources */ = {
			isa = PBXSourcesBuildPhase;
			buildActionMask = 2147483647;
			files = (
				3A51F7D42269F25400B58CF8 /* FilterService.m in Sources */,
				3AA941322263A28900D9D0EC /* NetworkHelper.m in Sources */,
				3AA9411322636A5F00D9D0EC /* main.m in Sources */,
				3A46F0192264D92300D746EC /* PhotoView.m in Sources */,
				3A8B9231226494EC003D910F /* FlickrCollectionViewCell.m in Sources */,
				3A0B7912226B680300AD1A76 /* SearchViewController.m in Sources */,
				3AA9410522636A5E00D9D0EC /* AppDelegate.m in Sources */,
				3AA941332263A28900D9D0EC /* NetworkService.m in Sources */,
				3A46F0162264D82D00D746EC /* PhotoViewController.m in Sources */,
				3A3BB0A3226A38A300A93F4E /* PushService.m in Sources */,
			);
			runOnlyForDeploymentPostprocessing = 0;
		};
/* End PBXSourcesBuildPhase section */

/* Begin PBXVariantGroup section */
		3AA9410922636A5E00D9D0EC /* Main.storyboard */ = {
			isa = PBXVariantGroup;
			children = (
				3AA9410A22636A5E00D9D0EC /* Base */,
			);
			name = Main.storyboard;
			sourceTree = "<group>";
		};
		3AA9410E22636A5F00D9D0EC /* LaunchScreen.storyboard */ = {
			isa = PBXVariantGroup;
			children = (
				3AA9410F22636A5F00D9D0EC /* Base */,
			);
			name = LaunchScreen.storyboard;
			sourceTree = "<group>";
		};
/* End PBXVariantGroup section */

/* Begin XCBuildConfiguration section */
		3AA9411422636A5F00D9D0EC /* Debug */ = {
			isa = XCBuildConfiguration;
			buildSettings = {
				ALWAYS_SEARCH_USER_PATHS = NO;
				CLANG_ANALYZER_NONNULL = YES;
				CLANG_ANALYZER_NUMBER_OBJECT_CONVERSION = YES_AGGRESSIVE;
				CLANG_CXX_LANGUAGE_STANDARD = "gnu++14";
				CLANG_CXX_LIBRARY = "libc++";
				CLANG_ENABLE_MODULES = YES;
				CLANG_ENABLE_OBJC_ARC = YES;
				CLANG_ENABLE_OBJC_WEAK = YES;
				CLANG_WARN_BLOCK_CAPTURE_AUTORELEASING = YES;
				CLANG_WARN_BOOL_CONVERSION = YES;
				CLANG_WARN_COMMA = YES;
				CLANG_WARN_CONSTANT_CONVERSION = YES;
				CLANG_WARN_DEPRECATED_OBJC_IMPLEMENTATIONS = YES;
				CLANG_WARN_DIRECT_OBJC_ISA_USAGE = YES_ERROR;
				CLANG_WARN_DOCUMENTATION_COMMENTS = YES;
				CLANG_WARN_EMPTY_BODY = YES;
				CLANG_WARN_ENUM_CONVERSION = YES;
				CLANG_WARN_INFINITE_RECURSION = YES;
				CLANG_WARN_INT_CONVERSION = YES;
				CLANG_WARN_NON_LITERAL_NULL_CONVERSION = YES;
				CLANG_WARN_OBJC_IMPLICIT_RETAIN_SELF = YES;
				CLANG_WARN_OBJC_LITERAL_CONVERSION = YES;
				CLANG_WARN_OBJC_ROOT_CLASS = YES_ERROR;
				CLANG_WARN_RANGE_LOOP_ANALYSIS = YES;
				CLANG_WARN_STRICT_PROTOTYPES = YES;
				CLANG_WARN_SUSPICIOUS_MOVE = YES;
				CLANG_WARN_UNGUARDED_AVAILABILITY = YES_AGGRESSIVE;
				CLANG_WARN_UNREACHABLE_CODE = YES;
				CLANG_WARN__DUPLICATE_METHOD_MATCH = YES;
				CODE_SIGN_IDENTITY = "iPhone Developer";
				COPY_PHASE_STRIP = NO;
				DEBUG_INFORMATION_FORMAT = dwarf;
				ENABLE_STRICT_OBJC_MSGSEND = YES;
				ENABLE_TESTABILITY = YES;
				GCC_C_LANGUAGE_STANDARD = gnu11;
				GCC_DYNAMIC_NO_PIC = NO;
				GCC_NO_COMMON_BLOCKS = YES;
				GCC_OPTIMIZATION_LEVEL = 0;
				GCC_PREPROCESSOR_DEFINITIONS = (
					"DEBUG=1",
					"$(inherited)",
				);
				GCC_WARN_64_TO_32_BIT_CONVERSION = YES;
				GCC_WARN_ABOUT_RETURN_TYPE = YES_ERROR;
				GCC_WARN_UNDECLARED_SELECTOR = YES;
				GCC_WARN_UNINITIALIZED_AUTOS = YES_AGGRESSIVE;
				GCC_WARN_UNUSED_FUNCTION = YES;
				GCC_WARN_UNUSED_VARIABLE = YES;
				IPHONEOS_DEPLOYMENT_TARGET = 12.1;
				MTL_ENABLE_DEBUG_INFO = INCLUDE_SOURCE;
				MTL_FAST_MATH = YES;
				ONLY_ACTIVE_ARCH = YES;
				SDKROOT = iphoneos;
			};
			name = Debug;
		};
		3AA9411522636A5F00D9D0EC /* Release */ = {
			isa = XCBuildConfiguration;
			buildSettings = {
				ALWAYS_SEARCH_USER_PATHS = NO;
				CLANG_ANALYZER_NONNULL = YES;
				CLANG_ANALYZER_NUMBER_OBJECT_CONVERSION = YES_AGGRESSIVE;
				CLANG_CXX_LANGUAGE_STANDARD = "gnu++14";
				CLANG_CXX_LIBRARY = "libc++";
				CLANG_ENABLE_MODULES = YES;
				CLANG_ENABLE_OBJC_ARC = YES;
				CLANG_ENABLE_OBJC_WEAK = YES;
				CLANG_WARN_BLOCK_CAPTURE_AUTORELEASING = YES;
				CLANG_WARN_BOOL_CONVERSION = YES;
				CLANG_WARN_COMMA = YES;
				CLANG_WARN_CONSTANT_CONVERSION = YES;
				CLANG_WARN_DEPRECATED_OBJC_IMPLEMENTATIONS = YES;
				CLANG_WARN_DIRECT_OBJC_ISA_USAGE = YES_ERROR;
				CLANG_WARN_DOCUMENTATION_COMMENTS = YES;
				CLANG_WARN_EMPTY_BODY = YES;
				CLANG_WARN_ENUM_CONVERSION = YES;
				CLANG_WARN_INFINITE_RECURSION = YES;
				CLANG_WARN_INT_CONVERSION = YES;
				CLANG_WARN_NON_LITERAL_NULL_CONVERSION = YES;
				CLANG_WARN_OBJC_IMPLICIT_RETAIN_SELF = YES;
				CLANG_WARN_OBJC_LITERAL_CONVERSION = YES;
				CLANG_WARN_OBJC_ROOT_CLASS = YES_ERROR;
				CLANG_WARN_RANGE_LOOP_ANALYSIS = YES;
				CLANG_WARN_STRICT_PROTOTYPES = YES;
				CLANG_WARN_SUSPICIOUS_MOVE = YES;
				CLANG_WARN_UNGUARDED_AVAILABILITY = YES_AGGRESSIVE;
				CLANG_WARN_UNREACHABLE_CODE = YES;
				CLANG_WARN__DUPLICATE_METHOD_MATCH = YES;
				CODE_SIGN_IDENTITY = "iPhone Developer";
				COPY_PHASE_STRIP = NO;
				DEBUG_INFORMATION_FORMAT = "dwarf-with-dsym";
				ENABLE_NS_ASSERTIONS = NO;
				ENABLE_STRICT_OBJC_MSGSEND = YES;
				GCC_C_LANGUAGE_STANDARD = gnu11;
				GCC_NO_COMMON_BLOCKS = YES;
				GCC_WARN_64_TO_32_BIT_CONVERSION = YES;
				GCC_WARN_ABOUT_RETURN_TYPE = YES_ERROR;
				GCC_WARN_UNDECLARED_SELECTOR = YES;
				GCC_WARN_UNINITIALIZED_AUTOS = YES_AGGRESSIVE;
				GCC_WARN_UNUSED_FUNCTION = YES;
				GCC_WARN_UNUSED_VARIABLE = YES;
				IPHONEOS_DEPLOYMENT_TARGET = 12.1;
				MTL_ENABLE_DEBUG_INFO = NO;
				MTL_FAST_MATH = YES;
				SDKROOT = iphoneos;
				VALIDATE_PRODUCT = YES;
			};
			name = Release;
		};
		3AA9411722636A5F00D9D0EC /* Debug */ = {
			isa = XCBuildConfiguration;
			buildSettings = {
				ASSETCATALOG_COMPILER_APPICON_NAME = AppIcon;
				CODE_SIGN_STYLE = Automatic;
				DEVELOPMENT_TEAM = Z8RKZA6P4R;
				INFOPLIST_FILE = Flickr_ObjC/Info.plist;
				LD_RUNPATH_SEARCH_PATHS = (
					"$(inherited)",
					"@executable_path/Frameworks",
				);
				PRODUCT_BUNDLE_IDENTIFIER = "-r34r23.Flickr-ObjC";
				PRODUCT_NAME = "$(TARGET_NAME)";
				TARGETED_DEVICE_FAMILY = "1,2";
			};
			name = Debug;
		};
		3AA9411822636A5F00D9D0EC /* Release */ = {
			isa = XCBuildConfiguration;
			buildSettings = {
				ASSETCATALOG_COMPILER_APPICON_NAME = AppIcon;
				CODE_SIGN_STYLE = Automatic;
				DEVELOPMENT_TEAM = Z8RKZA6P4R;
				INFOPLIST_FILE = Flickr_ObjC/Info.plist;
				LD_RUNPATH_SEARCH_PATHS = (
					"$(inherited)",
					"@executable_path/Frameworks",
				);
				PRODUCT_BUNDLE_IDENTIFIER = "-r34r23.Flickr-ObjC";
				PRODUCT_NAME = "$(TARGET_NAME)";
				TARGETED_DEVICE_FAMILY = "1,2";
			};
			name = Release;
		};
/* End XCBuildConfiguration section */

/* Begin XCConfigurationList section */
		3AA940FB22636A5E00D9D0EC /* Build configuration list for PBXProject "Flickr_ObjC" */ = {
			isa = XCConfigurationList;
			buildConfigurations = (
				3AA9411422636A5F00D9D0EC /* Debug */,
				3AA9411522636A5F00D9D0EC /* Release */,
			);
			defaultConfigurationIsVisible = 0;
			defaultConfigurationName = Release;
		};
		3AA9411622636A5F00D9D0EC /* Build configuration list for PBXNativeTarget "Flickr_ObjC" */ = {
			isa = XCConfigurationList;
			buildConfigurations = (
				3AA9411722636A5F00D9D0EC /* Debug */,
				3AA9411822636A5F00D9D0EC /* Release */,
			);
			defaultConfigurationIsVisible = 0;
			defaultConfigurationName = Release;
		};
/* End XCConfigurationList section */
	};
	rootObject = 3AA940F822636A5E00D9D0EC /* Project object */;
}
